
Microsoft Visual Studio Solution File, Format Version 12.00
# Visual Studio Version 17
VisualStudioVersion = 17.7.34009.444
MinimumVisualStudioVersion = 10.0.40219.1
Project("{FAE04EC0-301F-11D3-BF4B-00C04F79EFBC}") = "DemoWcf", "DemoWcf\DemoWcf.csproj", "{475C3FBA-E0A9-45E9-9AC8-4C2397F05EEE}"
EndProject
Global
	GlobalSection(SolutionConfigurationPlatforms) = preSolution
		Debug|Any CPU = Debug|Any CPU
		Release|Any CPU = Release|Any CPU
	EndGlobalSection
	GlobalSection(ProjectConfigurationPlatforms) = postSolution
		{475C3FBA-E0A9-45E9-9AC8-4C2397F05EEE}.Debug|Any CPU.ActiveCfg = Debug|Any CPU
		{475C3FBA-E0A9-45E9-9AC8-4C2397F05EEE}.Debug|Any CPU.Build.0 = Debug|Any CPU
		{475C3FBA-E0A9-45E9-9AC8-4C2397F05EEE}.Release|Any CPU.ActiveCfg = Release|Any CPU
		{475C3FBA-E0A9-45E9-9AC8-4C2397F05EEE}.Release|Any CPU.Build.0 = Release|Any CPU
	EndGlobalSection
	GlobalSection(SolutionProperties) = preSolution
		HideSolutionNode = FALSE
	EndGlobalSection
	GlobalSection(ExtensibilityGlobals) = postSolution
		SolutionGuid = {5ECEBBAC-E72D-487C-83BA-0A1BD6F72826}
	EndGlobalSection
EndGlobal
